
Microsoft Visual Studio Solution File, Format Version 12.00
# Visual Studio Version 16
VisualStudioVersion = 16.0.31321.278
MinimumVisualStudioVersion = 10.0.40219.1
Project("{FAE04EC0-301F-11D3-BF4B-00C04F79EFBC}") = "AddressBookApi", "AddressBookApi\AddressBookApi.csproj", "{1794DF73-94D3-4AE8-86C5-292EDD701688}"
EndProject
Global
	GlobalSection(SolutionConfigurationPlatforms) = preSolution
		Debug|Any CPU = Debug|Any CPU
		Release|Any CPU = Release|Any CPU
	EndGlobalSection
	GlobalSection(ProjectConfigurationPlatforms) = postSolution
		{1794DF73-94D3-4AE8-86C5-292EDD701688}.Debug|Any CPU.ActiveCfg = Debug|Any CPU
		{1794DF73-94D3-4AE8-86C5-292EDD701688}.Debug|Any CPU.Build.0 = Debug|Any CPU
		{1794DF73-94D3-4AE8-86C5-292EDD701688}.Release|Any CPU.ActiveCfg = Release|Any CPU
		{1794DF73-94D3-4AE8-86C5-292EDD701688}.Release|Any CPU.Build.0 = Release|Any CPU
	EndGlobalSection
	GlobalSection(SolutionProperties) = preSolution
		HideSolutionNode = FALSE
	EndGlobalSection
	GlobalSection(ExtensibilityGlobals) = postSolution
		SolutionGuid = {E7D9A880-A395-455D-B86B-68FEFD8AC149}
	EndGlobalSection
EndGlobal
